// !$*UTF8*$!
{
	archiveVersion = 1;
	classes = {
	};
	objectVersion = 48;
	objects = {

/* Begin PBXBuildFile section */
		5734D8FC232169AD001F5221 /* AppDelegate.swift in Sources */ = {isa = PBXBuildFile; fileRef = 5734D8FB232169AD001F5221 /* AppDelegate.swift */; };
		5734D903232169AD001F5221 /* Assets.xcassets in Resources */ = {isa = PBXBuildFile; fileRef = 5734D902232169AD001F5221 /* Assets.xcassets */; };
		5734D906232169AD001F5221 /* LaunchScreen.storyboard in Resources */ = {isa = PBXBuildFile; fileRef = 5734D904232169AD001F5221 /* LaunchScreen.storyboard */; };
		5734D911232169AE001F5221 /* TwitterAppTests.swift in Sources */ = {isa = PBXBuildFile; fileRef = 5734D910232169AE001F5221 /* TwitterAppTests.swift */; };
		5734D91C232169AE001F5221 /* TwitterAppUITests.swift in Sources */ = {isa = PBXBuildFile; fileRef = 5734D91B232169AE001F5221 /* TwitterAppUITests.swift */; };
		5734D92D23216A4F001F5221 /* User.swift in Sources */ = {isa = PBXBuildFile; fileRef = 5734D92C23216A4F001F5221 /* User.swift */; };
		5734D92F23216A58001F5221 /* Tweet.swift in Sources */ = {isa = PBXBuildFile; fileRef = 5734D92E23216A58001F5221 /* Tweet.swift */; };
		5734D93123216AE3001F5221 /* UserCell.swift in Sources */ = {isa = PBXBuildFile; fileRef = 5734D93023216AE3001F5221 /* UserCell.swift */; };
		5734D93323216AED001F5221 /* TweetCell.swift in Sources */ = {isa = PBXBuildFile; fileRef = 5734D93223216AED001F5221 /* TweetCell.swift */; };
		5734D93523216AFD001F5221 /* FooterCell.swift in Sources */ = {isa = PBXBuildFile; fileRef = 5734D93423216AFD001F5221 /* FooterCell.swift */; };
		5734D93723216B06001F5221 /* HeaderCell.swift in Sources */ = {isa = PBXBuildFile; fileRef = 5734D93623216B06001F5221 /* HeaderCell.swift */; };
		5734D93923216B1E001F5221 /* CustomTabBarController.swift in Sources */ = {isa = PBXBuildFile; fileRef = 5734D93823216B1E001F5221 /* CustomTabBarController.swift */; };
		5734D93B23216B2E001F5221 /* TweetViewController.swift in Sources */ = {isa = PBXBuildFile; fileRef = 5734D93A23216B2E001F5221 /* TweetViewController.swift */; };
		5734D93D23216B4B001F5221 /* UserViewController.swift in Sources */ = {isa = PBXBuildFile; fileRef = 5734D93C23216B4B001F5221 /* UserViewController.swift */; };
		57C5B8E423217F3B00F87467 /* Datasource.swift in Sources */ = {isa = PBXBuildFile; fileRef = 57C5B8E323217F3B00F87467 /* Datasource.swift */; };
		686FBC80EA9B3526C4BFE19C /* Pods_TwitterApp.framework in Frameworks */ = {isa = PBXBuildFile; fileRef = 6F4F5F38F898E39E97F88D5A /* Pods_TwitterApp.framework */; };
/* End PBXBuildFile section */

/* Begin PBXContainerItemProxy section */
		5734D90D232169AD001F5221 /* PBXContainerItemProxy */ = {
			isa = PBXContainerItemProxy;
			containerPortal = 5734D8F0232169AD001F5221 /* Project object */;
			proxyType = 1;
			remoteGlobalIDString = 5734D8F7232169AD001F5221;
			remoteInfo = TwitterApp;
		};
		5734D918232169AE001F5221 /* PBXContainerItemProxy */ = {
			isa = PBXContainerItemProxy;
			containerPortal = 5734D8F0232169AD001F5221 /* Project object */;
			proxyType = 1;
			remoteGlobalIDString = 5734D8F7232169AD001F5221;
			remoteInfo = TwitterApp;
		};
/* End PBXContainerItemProxy section */

/* Begin PBXFileReference section */
		5734D8F8232169AD001F5221 /* TwitterApp.app */ = {isa = PBXFileReference; explicitFileType = wrapper.application; includeInIndex = 0; path = TwitterApp.app; sourceTree = BUILT_PRODUCTS_DIR; };
		5734D8FB232169AD001F5221 /* AppDelegate.swift */ = {isa = PBXFileReference; lastKnownFileType = sourcecode.swift; path = AppDelegate.swift; sourceTree = "<group>"; };
		5734D902232169AD001F5221 /* Assets.xcassets */ = {isa = PBXFileReference; lastKnownFileType = folder.assetcatalog; path = Assets.xcassets; sourceTree = "<group>"; };
		5734D905232169AD001F5221 /* Base */ = {isa = PBXFileReference; lastKnownFileType = file.storyboard; name = Base; path = Base.lproj/LaunchScreen.storyboard; sourceTree = "<group>"; };
		5734D907232169AD001F5221 /* Info.plist */ = {isa = PBXFileReference; lastKnownFileType = text.plist.xml; path = Info.plist; sourceTree = "<group>"; };
		5734D90C232169AD001F5221 /* TwitterAppTests.xctest */ = {isa = PBXFileReference; explicitFileType = wrapper.cfbundle; includeInIndex = 0; path = TwitterAppTests.xctest; sourceTree = BUILT_PRODUCTS_DIR; };
		5734D910232169AE001F5221 /* TwitterAppTests.swift */ = {isa = PBXFileReference; lastKnownFileType = sourcecode.swift; path = TwitterAppTests.swift; sourceTree = "<group>"; };
		5734D912232169AE001F5221 /* Info.plist */ = {isa = PBXFileReference; lastKnownFileType = text.plist.xml; path = Info.plist; sourceTree = "<group>"; };
		5734D917232169AE001F5221 /* TwitterAppUITests.xctest */ = {isa = PBXFileReference; explicitFileType = wrapper.cfbundle; includeInIndex = 0; path = TwitterAppUITests.xctest; sourceTree = BUILT_PRODUCTS_DIR; };
		5734D91B232169AE001F5221 /* TwitterAppUITests.swift */ = {isa = PBXFileReference; lastKnownFileType = sourcecode.swift; path = TwitterAppUITests.swift; sourceTree = "<group>"; };
		5734D91D232169AE001F5221 /* Info.plist */ = {isa = PBXFileReference; lastKnownFileType = text.plist.xml; path = Info.plist; sourceTree = "<group>"; };
		5734D92C23216A4F001F5221 /* User.swift */ = {isa = PBXFileReference; lastKnownFileType = sourcecode.swift; path = User.swift; sourceTree = "<group>"; };
		5734D92E23216A58001F5221 /* Tweet.swift */ = {isa = PBXFileReference; lastKnownFileType = sourcecode.swift; path = Tweet.swift; sourceTree = "<group>"; };
		5734D93023216AE3001F5221 /* UserCell.swift */ = {isa = PBXFileReference; lastKnownFileType = sourcecode.swift; path = UserCell.swift; sourceTree = "<group>"; };
		5734D93223216AED001F5221 /* TweetCell.swift */ = {isa = PBXFileReference; lastKnownFileType = sourcecode.swift; path = TweetCell.swift; sourceTree = "<group>"; };
		5734D93423216AFD001F5221 /* FooterCell.swift */ = {isa = PBXFileReference; lastKnownFileType = sourcecode.swift; path = FooterCell.swift; sourceTree = "<group>"; };
		5734D93623216B06001F5221 /* HeaderCell.swift */ = {isa = PBXFileReference; lastKnownFileType = sourcecode.swift; path = HeaderCell.swift; sourceTree = "<group>"; };
		5734D93823216B1E001F5221 /* CustomTabBarController.swift */ = {isa = PBXFileReference; lastKnownFileType = sourcecode.swift; path = CustomTabBarController.swift; sourceTree = "<group>"; };
		5734D93A23216B2E001F5221 /* TweetViewController.swift */ = {isa = PBXFileReference; lastKnownFileType = sourcecode.swift; path = TweetViewController.swift; sourceTree = "<group>"; };
		5734D93C23216B4B001F5221 /* UserViewController.swift */ = {isa = PBXFileReference; lastKnownFileType = sourcecode.swift; path = UserViewController.swift; sourceTree = "<group>"; };
		57C5B8E323217F3B00F87467 /* Datasource.swift */ = {isa = PBXFileReference; lastKnownFileType = sourcecode.swift; path = Datasource.swift; sourceTree = "<group>"; };
		6898DDA341127B6A1236CBAE /* Pods-TwitterApp.debug.xcconfig */ = {isa = PBXFileReference; includeInIndex = 1; lastKnownFileType = text.xcconfig; name = "Pods-TwitterApp.debug.xcconfig"; path = "Target Support Files/Pods-TwitterApp/Pods-TwitterApp.debug.xcconfig"; sourceTree = "<group>"; };
		6F4F5F38F898E39E97F88D5A /* Pods_TwitterApp.framework */ = {isa = PBXFileReference; explicitFileType = wrapper.framework; includeInIndex = 0; path = Pods_TwitterApp.framework; sourceTree = BUILT_PRODUCTS_DIR; };
		880AFE00A2641CE44EC1AB74 /* Pods-TwitterApp.release.xcconfig */ = {isa = PBXFileReference; includeInIndex = 1; lastKnownFileType = text.xcconfig; name = "Pods-TwitterApp.release.xcconfig"; path = "Target Support Files/Pods-TwitterApp/Pods-TwitterApp.release.xcconfig"; sourceTree = "<group>"; };
/* End PBXFileReference section */

/* Begin PBXFrameworksBuildPhase section */
		5734D8F5232169AD001F5221 /* Frameworks */ = {
			isa = PBXFrameworksBuildPhase;
			buildActionMask = 2147483647;
			files = (
				686FBC80EA9B3526C4BFE19C /* Pods_TwitterApp.framework in Frameworks */,
			);
			runOnlyForDeploymentPostprocessing = 0;
		};
		5734D909232169AD001F5221 /* Frameworks */ = {
			isa = PBXFrameworksBuildPhase;
			buildActionMask = 2147483647;
			files = (
			);
			runOnlyForDeploymentPostprocessing = 0;
		};
		5734D914232169AE001F5221 /* Frameworks */ = {
			isa = PBXFrameworksBuildPhase;
			buildActionMask = 2147483647;
			files = (
			);
			runOnlyForDeploymentPostprocessing = 0;
		};
/* End PBXFrameworksBuildPhase section */

/* Begin PBXGroup section */
		5734D8EF232169AD001F5221 = {
			isa = PBXGroup;
			children = (
				5734D8FA232169AD001F5221 /* TwitterApp */,
				5734D90F232169AD001F5221 /* TwitterAppTests */,
				5734D91A232169AE001F5221 /* TwitterAppUITests */,
				5734D8F9232169AD001F5221 /* Products */,
				8BA4E2C2A063E2832D886D6B /* Pods */,
				DC34EF05F0A77B86287B7554 /* Frameworks */,
			);
			sourceTree = "<group>";
		};
		5734D8F9232169AD001F5221 /* Products */ = {
			isa = PBXGroup;
			children = (
				5734D8F8232169AD001F5221 /* TwitterApp.app */,
				5734D90C232169AD001F5221 /* TwitterAppTests.xctest */,
				5734D917232169AE001F5221 /* TwitterAppUITests.xctest */,
			);
			name = Products;
			sourceTree = "<group>";
		};
		5734D8FA232169AD001F5221 /* TwitterApp */ = {
			isa = PBXGroup;
			children = (
				5734D92B23216A10001F5221 /* Controller */,
				5734D92A23216A0A001F5221 /* View */,
				5734D929232169FF001F5221 /* Model */,
				5734D8FB232169AD001F5221 /* AppDelegate.swift */,
				5734D902232169AD001F5221 /* Assets.xcassets */,
				5734D904232169AD001F5221 /* LaunchScreen.storyboard */,
				5734D907232169AD001F5221 /* Info.plist */,
			);
			path = TwitterApp;
			sourceTree = "<group>";
		};
		5734D90F232169AD001F5221 /* TwitterAppTests */ = {
			isa = PBXGroup;
			children = (
				5734D910232169AE001F5221 /* TwitterAppTests.swift */,
				5734D912232169AE001F5221 /* Info.plist */,
			);
			path = TwitterAppTests;
			sourceTree = "<group>";
		};
		5734D91A232169AE001F5221 /* TwitterAppUITests */ = {
			isa = PBXGroup;
			children = (
				5734D91B232169AE001F5221 /* TwitterAppUITests.swift */,
				5734D91D232169AE001F5221 /* Info.plist */,
			);
			path = TwitterAppUITests;
			sourceTree = "<group>";
		};
		5734D929232169FF001F5221 /* Model */ = {
			isa = PBXGroup;
			children = (
				5734D92C23216A4F001F5221 /* User.swift */,
				5734D92E23216A58001F5221 /* Tweet.swift */,
				57C5B8E323217F3B00F87467 /* Datasource.swift */,
			);
			path = Model;
			sourceTree = "<group>";
		};
		5734D92A23216A0A001F5221 /* View */ = {
			isa = PBXGroup;
			children = (
				5734D93023216AE3001F5221 /* UserCell.swift */,
				5734D93223216AED001F5221 /* TweetCell.swift */,
				5734D93423216AFD001F5221 /* FooterCell.swift */,
				5734D93623216B06001F5221 /* HeaderCell.swift */,
			);
			path = View;
			sourceTree = "<group>";
		};
		5734D92B23216A10001F5221 /* Controller */ = {
			isa = PBXGroup;
			children = (
				5734D93823216B1E001F5221 /* CustomTabBarController.swift */,
				5734D93A23216B2E001F5221 /* TweetViewController.swift */,
				5734D93C23216B4B001F5221 /* UserViewController.swift */,
			);
			path = Controller;
			sourceTree = "<group>";
		};
		8BA4E2C2A063E2832D886D6B /* Pods */ = {
			isa = PBXGroup;
			children = (
				6898DDA341127B6A1236CBAE /* Pods-TwitterApp.debug.xcconfig */,
				880AFE00A2641CE44EC1AB74 /* Pods-TwitterApp.release.xcconfig */,
			);
			path = Pods;
			sourceTree = "<group>";
		};
		DC34EF05F0A77B86287B7554 /* Frameworks */ = {
			isa = PBXGroup;
			children = (
				6F4F5F38F898E39E97F88D5A /* Pods_TwitterApp.framework */,
			);
			name = Frameworks;
			sourceTree = "<group>";
		};
/* End PBXGroup section */

/* Begin PBXNativeTarget section */
		5734D8F7232169AD001F5221 /* TwitterApp */ = {
			isa = PBXNativeTarget;
			buildConfigurationList = 5734D920232169AE001F5221 /* Build configuration list for PBXNativeTarget "TwitterApp" */;
			buildPhases = (
				0351368D39CB2C84B69678B5 /* [CP] Check Pods Manifest.lock */,
				5734D8F4232169AD001F5221 /* Sources */,
				5734D8F5232169AD001F5221 /* Frameworks */,
				5734D8F6232169AD001F5221 /* Resources */,
				44C677055F81A6C18D143E9B /* [CP] Embed Pods Frameworks */,
			);
			buildRules = (
			);
			dependencies = (
			);
			name = TwitterApp;
			productName = TwitterApp;
			productReference = 5734D8F8232169AD001F5221 /* TwitterApp.app */;
			productType = "com.apple.product-type.application";
		};
		5734D90B232169AD001F5221 /* TwitterAppTests */ = {
			isa = PBXNativeTarget;
			buildConfigurationList = 5734D923232169AE001F5221 /* Build configuration list for PBXNativeTarget "TwitterAppTests" */;
			buildPhases = (
				5734D908232169AD001F5221 /* Sources */,
				5734D909232169AD001F5221 /* Frameworks */,
				5734D90A232169AD001F5221 /* Resources */,
			);
			buildRules = (
			);
			dependencies = (
				5734D90E232169AD001F5221 /* PBXTargetDependency */,
			);
			name = TwitterAppTests;
			productName = TwitterAppTests;
			productReference = 5734D90C232169AD001F5221 /* TwitterAppTests.xctest */;
			productType = "com.apple.product-type.bundle.unit-test";
		};
		5734D916232169AE001F5221 /* TwitterAppUITests */ = {
			isa = PBXNativeTarget;
			buildConfigurationList = 5734D926232169AE001F5221 /* Build configuration list for PBXNativeTarget "TwitterAppUITests" */;
			buildPhases = (
				5734D913232169AE001F5221 /* Sources */,
				5734D914232169AE001F5221 /* Frameworks */,
				5734D915232169AE001F5221 /* Resources */,
			);
			buildRules = (
			);
			dependencies = (
				5734D919232169AE001F5221 /* PBXTargetDependency */,
			);
			name = TwitterAppUITests;
			productName = TwitterAppUITests;
			productReference = 5734D917232169AE001F5221 /* TwitterAppUITests.xctest */;
			productType = "com.apple.product-type.bundle.ui-testing";
		};
/* End PBXNativeTarget section */

/* Begin PBXProject section */
		5734D8F0232169AD001F5221 /* Project object */ = {
			isa = PBXProject;
			attributes = {
				LastSwiftUpdateCheck = 0920;
				LastUpgradeCheck = 0920;
				ORGANIZATIONNAME = "Ahmet Tuztașı";
				TargetAttributes = {
					5734D8F7232169AD001F5221 = {
						CreatedOnToolsVersion = 9.2;
						ProvisioningStyle = Automatic;
					};
					5734D90B232169AD001F5221 = {
						CreatedOnToolsVersion = 9.2;
						ProvisioningStyle = Automatic;
						TestTargetID = 5734D8F7232169AD001F5221;
					};
					5734D916232169AE001F5221 = {
						CreatedOnToolsVersion = 9.2;
						ProvisioningStyle = Automatic;
						TestTargetID = 5734D8F7232169AD001F5221;
					};
				};
			};
			buildConfigurationList = 5734D8F3232169AD001F5221 /* Build configuration list for PBXProject "TwitterApp" */;
			compatibilityVersion = "Xcode 8.0";
			developmentRegion = en;
			hasScannedForEncodings = 0;
			knownRegions = (
				en,
				Base,
			);
			mainGroup = 5734D8EF232169AD001F5221;
			productRefGroup = 5734D8F9232169AD001F5221 /* Products */;
			projectDirPath = "";
			projectRoot = "";
			targets = (
				5734D8F7232169AD001F5221 /* TwitterApp */,
				5734D90B232169AD001F5221 /* TwitterAppTests */,
				5734D916232169AE001F5221 /* TwitterAppUITests */,
			);
		};
/* End PBXProject section */

/* Begin PBXResourcesBuildPhase section */
		5734D8F6232169AD001F5221 /* Resources */ = {
			isa = PBXResourcesBuildPhase;
			buildActionMask = 2147483647;
			files = (
				5734D906232169AD001F5221 /* LaunchScreen.storyboard in Resources */,
				5734D903232169AD001F5221 /* Assets.xcassets in Resources */,
			);
			runOnlyForDeploymentPostprocessing = 0;
		};
		5734D90A232169AD001F5221 /* Resources */ = {
			isa = PBXResourcesBuildPhase;
			buildActionMask = 2147483647;
			files = (
			);
			runOnlyForDeploymentPostprocessing = 0;
		};
		5734D915232169AE001F5221 /* Resources */ = {
			isa = PBXResourcesBuildPhase;
			buildActionMask = 2147483647;
			files = (
			);
			runOnlyForDeploymentPostprocessing = 0;
		};
/* End PBXResourcesBuildPhase section */

/* Begin PBXShellScriptBuildPhase section */
		0351368D39CB2C84B69678B5 /* [CP] Check Pods Manifest.lock */ = {
			isa = PBXShellScriptBuildPhase;
			buildActionMask = 2147483647;
			files = (
			);
			inputPaths = (
				"${PODS_PODFILE_DIR_PATH}/Podfile.lock",
				"${PODS_ROOT}/Manifest.lock",
			);
			name = "[CP] Check Pods Manifest.lock";
			outputPaths = (
				"$(DERIVED_FILE_DIR)/Pods-TwitterApp-checkManifestLockResult.txt",
			);
			runOnlyForDeploymentPostprocessing = 0;
			shellPath = /bin/sh;
			shellScript = "diff \"${PODS_PODFILE_DIR_PATH}/Podfile.lock\" \"${PODS_ROOT}/Manifest.lock\" > /dev/null\nif [ $? != 0 ] ; then\n    # print error to STDERR\n    echo \"error: The sandbox is not in sync with the Podfile.lock. Run 'pod install' or update your CocoaPods installation.\" >&2\n    exit 1\nfi\n# This output is used by Xcode 'outputs' to avoid re-running this script phase.\necho \"SUCCESS\" > \"${SCRIPT_OUTPUT_FILE_0}\"\n";
			showEnvVarsInLog = 0;
		};
		44C677055F81A6C18D143E9B /* [CP] Embed Pods Frameworks */ = {
			isa = PBXShellScriptBuildPhase;
			buildActionMask = 2147483647;
			files = (
			);
			inputPaths = (
				"${PODS_ROOT}/Target Support Files/Pods-TwitterApp/Pods-TwitterApp-frameworks.sh",
				"${BUILT_PRODUCTS_DIR}/LBTAComponents/LBTAComponents.framework",
			);
			name = "[CP] Embed Pods Frameworks";
			outputPaths = (
				"${TARGET_BUILD_DIR}/${FRAMEWORKS_FOLDER_PATH}/LBTAComponents.framework",
			);
			runOnlyForDeploymentPostprocessing = 0;
			shellPath = /bin/sh;
			shellScript = "\"${PODS_ROOT}/Target Support Files/Pods-TwitterApp/Pods-TwitterApp-frameworks.sh\"\n";
			showEnvVarsInLog = 0;
		};
/* End PBXShellScriptBuildPhase section */

/* Begin PBXSourcesBuildPhase section */
		5734D8F4232169AD001F5221 /* Sources */ = {
			isa = PBXSourcesBuildPhase;
			buildActionMask = 2147483647;
			files = (
				5734D8FC232169AD001F5221 /* AppDelegate.swift in Sources */,
				5734D93B23216B2E001F5221 /* TweetViewController.swift in Sources */,
				5734D93D23216B4B001F5221 /* UserViewController.swift in Sources */,
				5734D92D23216A4F001F5221 /* User.swift in Sources */,
				5734D93523216AFD001F5221 /* FooterCell.swift in Sources */,
				5734D93723216B06001F5221 /* HeaderCell.swift in Sources */,
				57C5B8E423217F3B00F87467 /* Datasource.swift in Sources */,
				5734D93323216AED001F5221 /* TweetCell.swift in Sources */,
				5734D93123216AE3001F5221 /* UserCell.swift in Sources */,
				5734D92F23216A58001F5221 /* Tweet.swift in Sources */,
				5734D93923216B1E001F5221 /* CustomTabBarController.swift in Sources */,
			);
			runOnlyForDeploymentPostprocessing = 0;
		};
		5734D908232169AD001F5221 /* Sources */ = {
			isa = PBXSourcesBuildPhase;
			buildActionMask = 2147483647;
			files = (
				5734D911232169AE001F5221 /* TwitterAppTests.swift in Sources */,
			);
			runOnlyForDeploymentPostprocessing = 0;
		};
		5734D913232169AE001F5221 /* Sources */ = {
			isa = PBXSourcesBuildPhase;
			buildActionMask = 2147483647;
			files = (
				5734D91C232169AE001F5221 /* TwitterAppUITests.swift in Sources */,
			);
			runOnlyForDeploymentPostprocessing = 0;
		};
/* End PBXSourcesBuildPhase section */

/* Begin PBXTargetDependency section */
		5734D90E232169AD001F5221 /* PBXTargetDependency */ = {
			isa = PBXTargetDependency;
			target = 5734D8F7232169AD001F5221 /* TwitterApp */;
			targetProxy = 5734D90D232169AD001F5221 /* PBXContainerItemProxy */;
		};
		5734D919232169AE001F5221 /* PBXTargetDependency */ = {
			isa = PBXTargetDependency;
			target = 5734D8F7232169AD001F5221 /* TwitterApp */;
			targetProxy = 5734D918232169AE001F5221 /* PBXContainerItemProxy */;
		};
/* End PBXTargetDependency section */

/* Begin PBXVariantGroup section */
		5734D904232169AD001F5221 /* LaunchScreen.storyboard */ = {
			isa = PBXVariantGroup;
			children = (
				5734D905232169AD001F5221 /* Base */,
			);
			name = LaunchScreen.storyboard;
			sourceTree = "<group>";
		};
/* End PBXVariantGroup section */

/* Begin XCBuildConfiguration section */
		5734D91E232169AE001F5221 /* Debug */ = {
			isa = XCBuildConfiguration;
			buildSettings = {
				ALWAYS_SEARCH_USER_PATHS = NO;
				CLANG_ANALYZER_NONNULL = YES;
				CLANG_ANALYZER_NUMBER_OBJECT_CONVERSION = YES_AGGRESSIVE;
				CLANG_CXX_LANGUAGE_STANDARD = "gnu++14";
				CLANG_CXX_LIBRARY = "libc++";
				CLANG_ENABLE_MODULES = YES;
				CLANG_ENABLE_OBJC_ARC = YES;
				CLANG_WARN_BLOCK_CAPTURE_AUTORELEASING = YES;
				CLANG_WARN_BOOL_CONVERSION = YES;
				CLANG_WARN_COMMA = YES;
				CLANG_WARN_CONSTANT_CONVERSION = YES;
				CLANG_WARN_DIRECT_OBJC_ISA_USAGE = YES_ERROR;
				CLANG_WARN_DOCUMENTATION_COMMENTS = YES;
				CLANG_WARN_EMPTY_BODY = YES;
				CLANG_WARN_ENUM_CONVERSION = YES;
				CLANG_WARN_INFINITE_RECURSION = YES;
				CLANG_WARN_INT_CONVERSION = YES;
				CLANG_WARN_NON_LITERAL_NULL_CONVERSION = YES;
				CLANG_WARN_OBJC_LITERAL_CONVERSION = YES;
				CLANG_WARN_OBJC_ROOT_CLASS = YES_ERROR;
				CLANG_WARN_RANGE_LOOP_ANALYSIS = YES;
				CLANG_WARN_STRICT_PROTOTYPES = YES;
				CLANG_WARN_SUSPICIOUS_MOVE = YES;
				CLANG_WARN_UNGUARDED_AVAILABILITY = YES_AGGRESSIVE;
				CLANG_WARN_UNREACHABLE_CODE = YES;
				CLANG_WARN__DUPLICATE_METHOD_MATCH = YES;
				CODE_SIGN_IDENTITY = "iPhone Developer";
				COPY_PHASE_STRIP = NO;
				DEBUG_INFORMATION_FORMAT = dwarf;
				ENABLE_STRICT_OBJC_MSGSEND = YES;
				ENABLE_TESTABILITY = YES;
				GCC_C_LANGUAGE_STANDARD = gnu11;
				GCC_DYNAMIC_NO_PIC = NO;
				GCC_NO_COMMON_BLOCKS = YES;
				GCC_OPTIMIZATION_LEVEL = 0;
				GCC_PREPROCESSOR_DEFINITIONS = (
					"DEBUG=1",
					"$(inherited)",
				);
				GCC_WARN_64_TO_32_BIT_CONVERSION = YES;
				GCC_WARN_ABOUT_RETURN_TYPE = YES_ERROR;
				GCC_WARN_UNDECLARED_SELECTOR = YES;
				GCC_WARN_UNINITIALIZED_AUTOS = YES_AGGRESSIVE;
				GCC_WARN_UNUSED_FUNCTION = YES;
				GCC_WARN_UNUSED_VARIABLE = YES;
				IPHONEOS_DEPLOYMENT_TARGET = 11.2;
				MTL_ENABLE_DEBUG_INFO = YES;
				ONLY_ACTIVE_ARCH = YES;
				SDKROOT = iphoneos;
				SWIFT_ACTIVE_COMPILATION_CONDITIONS = DEBUG;
				SWIFT_OPTIMIZATION_LEVEL = "-Onone";
			};
			name = Debug;
		};
		5734D91F232169AE001F5221 /* Release */ = {
			isa = XCBuildConfiguration;
			buildSettings = {
				ALWAYS_SEARCH_USER_PATHS = NO;
				CLANG_ANALYZER_NONNULL = YES;
				CLANG_ANALYZER_NUMBER_OBJECT_CONVERSION = YES_AGGRESSIVE;
				CLANG_CXX_LANGUAGE_STANDARD = "gnu++14";
				CLANG_CXX_LIBRARY = "libc++";
				CLANG_ENABLE_MODULES = YES;
				CLANG_ENABLE_OBJC_ARC = YES;
				CLANG_WARN_BLOCK_CAPTURE_AUTORELEASING = YES;
				CLANG_WARN_BOOL_CONVERSION = YES;
				CLANG_WARN_COMMA = YES;
				CLANG_WARN_CONSTANT_CONVERSION = YES;
				CLANG_WARN_DIRECT_OBJC_ISA_USAGE = YES_ERROR;
				CLANG_WARN_DOCUMENTATION_COMMENTS = YES;
				CLANG_WARN_EMPTY_BODY = YES;
				CLANG_WARN_ENUM_CONVERSION = YES;
				CLANG_WARN_INFINITE_RECURSION = YES;
				CLANG_WARN_INT_CONVERSION = YES;
				CLANG_WARN_NON_LITERAL_NULL_CONVERSION = YES;
				CLANG_WARN_OBJC_LITERAL_CONVERSION = YES;
				CLANG_WARN_OBJC_ROOT_CLASS = YES_ERROR;
				CLANG_WARN_RANGE_LOOP_ANALYSIS = YES;
				CLANG_WARN_STRICT_PROTOTYPES = YES;
				CLANG_WARN_SUSPICIOUS_MOVE = YES;
				CLANG_WARN_UNGUARDED_AVAILABILITY = YES_AGGRESSIVE;
				CLANG_WARN_UNREACHABLE_CODE = YES;
				CLANG_WARN__DUPLICATE_METHOD_MATCH = YES;
				CODE_SIGN_IDENTITY = "iPhone Developer";
				COPY_PHASE_STRIP = NO;
				DEBUG_INFORMATION_FORMAT = "dwarf-with-dsym";
				ENABLE_NS_ASSERTIONS = NO;
				ENABLE_STRICT_OBJC_MSGSEND = YES;
				GCC_C_LANGUAGE_STANDARD = gnu11;
				GCC_NO_COMMON_BLOCKS = YES;
				GCC_WARN_64_TO_32_BIT_CONVERSION = YES;
				GCC_WARN_ABOUT_RETURN_TYPE = YES_ERROR;
				GCC_WARN_UNDECLARED_SELECTOR = YES;
				GCC_WARN_UNINITIALIZED_AUTOS = YES_AGGRESSIVE;
				GCC_WARN_UNUSED_FUNCTION = YES;
				GCC_WARN_UNUSED_VARIABLE = YES;
				IPHONEOS_DEPLOYMENT_TARGET = 11.2;
				MTL_ENABLE_DEBUG_INFO = NO;
				SDKROOT = iphoneos;
				SWIFT_OPTIMIZATION_LEVEL = "-Owholemodule";
				VALIDATE_PRODUCT = YES;
			};
			name = Release;
		};
		5734D921232169AE001F5221 /* Debug */ = {
			isa = XCBuildConfiguration;
			baseConfigurationReference = 6898DDA341127B6A1236CBAE /* Pods-TwitterApp.debug.xcconfig */;
			buildSettings = {
				ASSETCATALOG_COMPILER_APPICON_NAME = AppIcon;
				CODE_SIGN_STYLE = Automatic;
				INFOPLIST_FILE = TwitterApp/Info.plist;
				LD_RUNPATH_SEARCH_PATHS = "$(inherited) @executable_path/Frameworks";
				PRODUCT_BUNDLE_IDENTIFIER = Demo.TwitterApp;
				PRODUCT_NAME = "$(TARGET_NAME)";
				SWIFT_VERSION = 4.0;
				TARGETED_DEVICE_FAMILY = "1,2";
			};
			name = Debug;
		};
		5734D922232169AE001F5221 /* Release */ = {
			isa = XCBuildConfiguration;
			baseConfigurationReference = 880AFE00A2641CE44EC1AB74 /* Pods-TwitterApp.release.xcconfig */;
			buildSettings = {
				ASSETCATALOG_COMPILER_APPICON_NAME = AppIcon;
				CODE_SIGN_STYLE = Automatic;
				INFOPLIST_FILE = TwitterApp/Info.plist;
				LD_RUNPATH_SEARCH_PATHS = "$(inherited) @executable_path/Frameworks";
				PRODUCT_BUNDLE_IDENTIFIER = Demo.TwitterApp;
				PRODUCT_NAME = "$(TARGET_NAME)";
				SWIFT_VERSION = 4.0;
				TARGETED_DEVICE_FAMILY = "1,2";
			};
			name = Release;
		};
		5734D924232169AE001F5221 /* Debug */ = {
			isa = XCBuildConfiguration;
			buildSettings = {
				ALWAYS_EMBED_SWIFT_STANDARD_LIBRARIES = YES;
				BUNDLE_LOADER = "$(TEST_HOST)";
				CODE_SIGN_STYLE = Automatic;
				INFOPLIST_FILE = TwitterAppTests/Info.plist;
				LD_RUNPATH_SEARCH_PATHS = "$(inherited) @executable_path/Frameworks @loader_path/Frameworks";
				PRODUCT_BUNDLE_IDENTIFIER = Demo.TwitterAppTests;
				PRODUCT_NAME = "$(TARGET_NAME)";
				SWIFT_VERSION = 4.0;
				TARGETED_DEVICE_FAMILY = "1,2";
				TEST_HOST = "$(BUILT_PRODUCTS_DIR)/TwitterApp.app/TwitterApp";
			};
			name = Debug;
		};
		5734D925232169AE001F5221 /* Release */ = {
			isa = XCBuildConfiguration;
			buildSettings = {
				ALWAYS_EMBED_SWIFT_STANDARD_LIBRARIES = YES;
				BUNDLE_LOADER = "$(TEST_HOST)";
				CODE_SIGN_STYLE = Automatic;
				INFOPLIST_FILE = TwitterAppTests/Info.plist;
				LD_RUNPATH_SEARCH_PATHS = "$(inherited) @executable_path/Frameworks @loader_path/Frameworks";
				PRODUCT_BUNDLE_IDENTIFIER = Demo.TwitterAppTests;
				PRODUCT_NAME = "$(TARGET_NAME)";
				SWIFT_VERSION = 4.0;
				TARGETED_DEVICE_FAMILY = "1,2";
				TEST_HOST = "$(BUILT_PRODUCTS_DIR)/TwitterApp.app/TwitterApp";
			};
			name = Release;
		};
		5734D927232169AE001F5221 /* Debug */ = {
			isa = XCBuildConfiguration;
			buildSettings = {
				ALWAYS_EMBED_SWIFT_STANDARD_LIBRARIES = YES;
				CODE_SIGN_STYLE = Automatic;
				INFOPLIST_FILE = TwitterAppUITests/Info.plist;
				LD_RUNPATH_SEARCH_PATHS = "$(inherited) @executable_path/Frameworks @loader_path/Frameworks";
				PRODUCT_BUNDLE_IDENTIFIER = Demo.TwitterAppUITests;
				PRODUCT_NAME = "$(TARGET_NAME)";
				SWIFT_VERSION = 4.0;
				TARGETED_DEVICE_FAMILY = "1,2";
				TEST_TARGET_NAME = TwitterApp;
			};
			name = Debug;
		};
		5734D928232169AE001F5221 /* Release */ = {
			isa = XCBuildConfiguration;
			buildSettings = {
				ALWAYS_EMBED_SWIFT_STANDARD_LIBRARIES = YES;
				CODE_SIGN_STYLE = Automatic;
				INFOPLIST_FILE = TwitterAppUITests/Info.plist;
				LD_RUNPATH_SEARCH_PATHS = "$(inherited) @executable_path/Frameworks @loader_path/Frameworks";
				PRODUCT_BUNDLE_IDENTIFIER = Demo.TwitterAppUITests;
				PRODUCT_NAME = "$(TARGET_NAME)";
				SWIFT_VERSION = 4.0;
				TARGETED_DEVICE_FAMILY = "1,2";
				TEST_TARGET_NAME = TwitterApp;
			};
			name = Release;
		};
/* End XCBuildConfiguration section */

/* Begin XCConfigurationList section */
		5734D8F3232169AD001F5221 /* Build configuration list for PBXProject "TwitterApp" */ = {
			isa = XCConfigurationList;
			buildConfigurations = (
				5734D91E232169AE001F5221 /* Debug */,
				5734D91F232169AE001F5221 /* Release */,
			);
			defaultConfigurationIsVisible = 0;
			defaultConfigurationName = Release;
		};
		5734D920232169AE001F5221 /* Build configuration list for PBXNativeTarget "TwitterApp" */ = {
			isa = XCConfigurationList;
			buildConfigurations = (
				5734D921232169AE001F5221 /* Debug */,
				5734D922232169AE001F5221 /* Release */,
			);
			defaultConfigurationIsVisible = 0;
			defaultConfigurationName = Release;
		};
		5734D923232169AE001F5221 /* Build configuration list for PBXNativeTarget "TwitterAppTests" */ = {
			isa = XCConfigurationList;
			buildConfigurations = (
				5734D924232169AE001F5221 /* Debug */,
				5734D925232169AE001F5221 /* Release */,
			);
			defaultConfigurationIsVisible = 0;
			defaultConfigurationName = Release;
		};
		5734D926232169AE001F5221 /* Build configuration list for PBXNativeTarget "TwitterAppUITests" */ = {
			isa = XCConfigurationList;
			buildConfigurations = (
				5734D927232169AE001F5221 /* Debug */,
				5734D928232169AE001F5221 /* Release */,
			);
			defaultConfigurationIsVisible = 0;
			defaultConfigurationName = Release;
		};
/* End XCConfigurationList section */
	};
	rootObject = 5734D8F0232169AD001F5221 /* Project object */;
}
